
Microsoft Visual Studio Solution File, Format Version 12.00
# Visual Studio 15
VisualStudioVersion = 15.0.27004.2008
MinimumVisualStudioVersion = 10.0.40219.1
Project("{FAE04EC0-301F-11D3-BF4B-00C04F79EFBC}") = "Homework 2-Fibonacci", "Homework 2-Fibonacci.csproj", "{9C35D48B-384D-4789-BAFA-67B1B32A0A79}"
EndProject
Global
	GlobalSection(SolutionConfigurationPlatforms) = preSolution
		Debug|Any CPU = Debug|Any CPU
		Release|Any CPU = Release|Any CPU
	EndGlobalSection
	GlobalSection(ProjectConfigurationPlatforms) = postSolution
		{9C35D48B-384D-4789-BAFA-67B1B32A0A79}.Debug|Any CPU.ActiveCfg = Debug|Any CPU
		{9C35D48B-384D-4789-BAFA-67B1B32A0A79}.Debug|Any CPU.Build.0 = Debug|Any CPU
		{9C35D48B-384D-4789-BAFA-67B1B32A0A79}.Release|Any CPU.ActiveCfg = Release|Any CPU
		{9C35D48B-384D-4789-BAFA-67B1B32A0A79}.Release|Any CPU.Build.0 = Release|Any CPU
	EndGlobalSection
	GlobalSection(SolutionProperties) = preSolution
		HideSolutionNode = FALSE
	EndGlobalSection
	GlobalSection(ExtensibilityGlobals) = postSolution
		SolutionGuid = {E29A6292-3AE9-477E-B0B9-DF5CAEBC643E}
	EndGlobalSection
EndGlobal
