
Microsoft Visual Studio Solution File, Format Version 12.00
# Visual Studio 15
VisualStudioVersion = 15.0.27004.2008
MinimumVisualStudioVersion = 10.0.40219.1
Project("{FAE04EC0-301F-11D3-BF4B-00C04F79EFBC}") = "Lab - Smallest to largest", "Lab - Smallest to largest.csproj", "{7E459641-3039-423C-9170-E36F62C57960}"
EndProject
Global
	GlobalSection(SolutionConfigurationPlatforms) = preSolution
		Debug|Any CPU = Debug|Any CPU
		Release|Any CPU = Release|Any CPU
	EndGlobalSection
	GlobalSection(ProjectConfigurationPlatforms) = postSolution
		{7E459641-3039-423C-9170-E36F62C57960}.Debug|Any CPU.ActiveCfg = Debug|Any CPU
		{7E459641-3039-423C-9170-E36F62C57960}.Debug|Any CPU.Build.0 = Debug|Any CPU
		{7E459641-3039-423C-9170-E36F62C57960}.Release|Any CPU.ActiveCfg = Release|Any CPU
		{7E459641-3039-423C-9170-E36F62C57960}.Release|Any CPU.Build.0 = Release|Any CPU
	EndGlobalSection
	GlobalSection(SolutionProperties) = preSolution
		HideSolutionNode = FALSE
	EndGlobalSection
	GlobalSection(ExtensibilityGlobals) = postSolution
		SolutionGuid = {CFA669B1-2E06-4DCD-A163-0B6397D99CF8}
	EndGlobalSection
EndGlobal
